{
  "requires": true,
  "lockfileVersion": 1,
  "dependencies": {
    "lodash": {
      "version": "4.17.15",
      "resolved": "https://registry.npmjs.org/lodash/-/lodash-4.17.15.tgz",
      "integrity": "sha512-8xOcRHvCjnocdS5cpwXQXVzmmh5e5+saE2QGoeQmbKmRS6J3VQppPOIt0MnmE+4xlZoumy0GPG0D0MVIQbNA1A=="
    },
    "loglevel": {
      "version": "1.6.8",
      "resolved": "https://registry.npmjs.org/loglevel/-/loglevel-1.6.8.tgz",
      "integrity": "sha512-bsU7+gc9AJ2SqpzxwU3+1fedl8zAntbtC5XYlt3s2j1hJcn2PsXSmgN8TaLG/J1/2mod4+cE/3vNL70/c1RNCA=="
    }
  }
}
